
Microsoft Visual Studio Solution File, Format Version 12.00
Project("{FAE04EC0-301F-11D3-BF4B-00C04F79EFBC}") = "PJATK_APBD_E3", "PJATK_APBD_E3\PJATK_APBD_E3.csproj", "{023E967A-949D-458F-9DCE-3E354B78D38E}"
EndProject
Global
	GlobalSection(SolutionConfigurationPlatforms) = preSolution
		Debug|Any CPU = Debug|Any CPU
		Release|Any CPU = Release|Any CPU
	EndGlobalSection
	GlobalSection(ProjectConfigurationPlatforms) = postSolution
		{023E967A-949D-458F-9DCE-3E354B78D38E}.Debug|Any CPU.ActiveCfg = Debug|Any CPU
		{023E967A-949D-458F-9DCE-3E354B78D38E}.Debug|Any CPU.Build.0 = Debug|Any CPU
		{023E967A-949D-458F-9DCE-3E354B78D38E}.Release|Any CPU.ActiveCfg = Release|Any CPU
		{023E967A-949D-458F-9DCE-3E354B78D38E}.Release|Any CPU.Build.0 = Release|Any CPU
	EndGlobalSection
EndGlobal
